// !$*UTF8*$!
{
	archiveVersion = 1;
	classes = {
	};
	objectVersion = 46;
	objects = {

/* Begin PBXBuildFile section */
		D70A1EC41AE255B000CD8FE7 /* AppDelegate.swift in Sources */ = {isa = PBXBuildFile; fileRef = D70A1EC31AE255B000CD8FE7 /* AppDelegate.swift */; };
		D70A1EC61AE255B000CD8FE7 /* ViewController.swift in Sources */ = {isa = PBXBuildFile; fileRef = D70A1EC51AE255B000CD8FE7 /* ViewController.swift */; };
		D70A1EC91AE255B000CD8FE7 /* Main.storyboard in Resources */ = {isa = PBXBuildFile; fileRef = D70A1EC71AE255B000CD8FE7 /* Main.storyboard */; };
		D70A1ECB1AE255B000CD8FE7 /* Images.xcassets in Resources */ = {isa = PBXBuildFile; fileRef = D70A1ECA1AE255B000CD8FE7 /* Images.xcassets */; };
		D70A1ECE1AE255B000CD8FE7 /* LaunchScreen.xib in Resources */ = {isa = PBXBuildFile; fileRef = D70A1ECC1AE255B000CD8FE7 /* LaunchScreen.xib */; };
		D7775B231AE70381000CF4FB /* OOPFormMultipart.swift in Sources */ = {isa = PBXBuildFile; fileRef = D7775B221AE70381000CF4FB /* OOPFormMultipart.swift */; };
/* End PBXBuildFile section */

/* Begin PBXFileReference section */
		D70A1EBE1AE255B000CD8FE7 /* MyUpload.app */ = {isa = PBXFileReference; explicitFileType = wrapper.application; includeInIndex = 0; path = MyUpload.app; sourceTree = BUILT_PRODUCTS_DIR; };
		D70A1EC21AE255B000CD8FE7 /* Info.plist */ = {isa = PBXFileReference; lastKnownFileType = text.plist.xml; path = Info.plist; sourceTree = "<group>"; };
		D70A1EC31AE255B000CD8FE7 /* AppDelegate.swift */ = {isa = PBXFileReference; lastKnownFileType = sourcecode.swift; path = AppDelegate.swift; sourceTree = "<group>"; };
		D70A1EC51AE255B000CD8FE7 /* ViewController.swift */ = {isa = PBXFileReference; lastKnownFileType = sourcecode.swift; path = ViewController.swift; sourceTree = "<group>"; };
		D70A1EC81AE255B000CD8FE7 /* Base */ = {isa = PBXFileReference; lastKnownFileType = file.storyboard; name = Base; path = Base.lproj/Main.storyboard; sourceTree = "<group>"; };
		D70A1ECA1AE255B000CD8FE7 /* Images.xcassets */ = {isa = PBXFileReference; lastKnownFileType = folder.assetcatalog; path = Images.xcassets; sourceTree = "<group>"; };
		D70A1ECD1AE255B000CD8FE7 /* Base */ = {isa = PBXFileReference; lastKnownFileType = file.xib; name = Base; path = Base.lproj/LaunchScreen.xib; sourceTree = "<group>"; };
		D70A1ED81AE255B100CD8FE7 /* Info.plist */ = {isa = PBXFileReference; lastKnownFileType = text.plist.xml; path = Info.plist; sourceTree = "<group>"; };
		D70A1ED91AE255B100CD8FE7 /* MyUploadTests.swift */ = {isa = PBXFileReference; lastKnownFileType = sourcecode.swift; path = MyUploadTests.swift; sourceTree = "<group>"; };
		D7775B221AE70381000CF4FB /* OOPFormMultipart.swift */ = {isa = PBXFileReference; fileEncoding = 4; lastKnownFileType = sourcecode.swift; path = OOPFormMultipart.swift; sourceTree = "<group>"; };
		D7775B241AE7BAFE000CF4FB /* LICENSE.txt */ = {isa = PBXFileReference; fileEncoding = 4; lastKnownFileType = text; path = LICENSE.txt; sourceTree = "<group>"; };
		D7775B251AE7BAFE000CF4FB /* README.md */ = {isa = PBXFileReference; fileEncoding = 4; lastKnownFileType = net.daringfireball.markdown; path = README.md; sourceTree = "<group>"; };
/* End PBXFileReference section */

/* Begin PBXFrameworksBuildPhase section */
		D70A1EBB1AE255B000CD8FE7 /* Frameworks */ = {
			isa = PBXFrameworksBuildPhase;
			buildActionMask = 2147483647;
			files = (
			);
			runOnlyForDeploymentPostprocessing = 0;
		};
/* End PBXFrameworksBuildPhase section */

/* Begin PBXGroup section */
		D70A1EB51AE255B000CD8FE7 = {
			isa = PBXGroup;
			children = (
				D7775B241AE7BAFE000CF4FB /* LICENSE.txt */,
				D7775B251AE7BAFE000CF4FB /* README.md */,
				D70A1EC01AE255B000CD8FE7 /* MyUpload */,
				D70A1ED61AE255B100CD8FE7 /* MyUploadTests */,
				D70A1EBF1AE255B000CD8FE7 /* Products */,
			);
			sourceTree = "<group>";
		};
		D70A1EBF1AE255B000CD8FE7 /* Products */ = {
			isa = PBXGroup;
			children = (
				D70A1EBE1AE255B000CD8FE7 /* MyUpload.app */,
			);
			name = Products;
			sourceTree = "<group>";
		};
		D70A1EC01AE255B000CD8FE7 /* MyUpload */ = {
			isa = PBXGroup;
			children = (
				D70A1EC31AE255B000CD8FE7 /* AppDelegate.swift */,
				D70A1EC51AE255B000CD8FE7 /* ViewController.swift */,
				D7775B221AE70381000CF4FB /* OOPFormMultipart.swift */,
				D70A1EC71AE255B000CD8FE7 /* Main.storyboard */,
				D70A1ECA1AE255B000CD8FE7 /* Images.xcassets */,
				D70A1ECC1AE255B000CD8FE7 /* LaunchScreen.xib */,
				D70A1EC11AE255B000CD8FE7 /* Supporting Files */,
			);
			path = MyUpload;
			sourceTree = "<group>";
		};
		D70A1EC11AE255B000CD8FE7 /* Supporting Files */ = {
			isa = PBXGroup;
			children = (
				D70A1EC21AE255B000CD8FE7 /* Info.plist */,
			);
			name = "Supporting Files";
			sourceTree = "<group>";
		};
		D70A1ED61AE255B100CD8FE7 /* MyUploadTests */ = {
			isa = PBXGroup;
			children = (
				D70A1ED91AE255B100CD8FE7 /* MyUploadTests.swift */,
				D70A1ED71AE255B100CD8FE7 /* Supporting Files */,
			);
			path = MyUploadTests;
			sourceTree = "<group>";
		};
		D70A1ED71AE255B100CD8FE7 /* Supporting Files */ = {
			isa = PBXGroup;
			children = (
				D70A1ED81AE255B100CD8FE7 /* Info.plist */,
			);
			name = "Supporting Files";
			sourceTree = "<group>";
		};
/* End PBXGroup section */

/* Begin PBXNativeTarget section */
		D70A1EBD1AE255B000CD8FE7 /* MyUpload */ = {
			isa = PBXNativeTarget;
			buildConfigurationList = D70A1EDD1AE255B100CD8FE7 /* Build configuration list for PBXNativeTarget "MyUpload" */;
			buildPhases = (
				D70A1EBA1AE255B000CD8FE7 /* Sources */,
				D70A1EBB1AE255B000CD8FE7 /* Frameworks */,
				D70A1EBC1AE255B000CD8FE7 /* Resources */,
			);
			buildRules = (
			);
			dependencies = (
			);
			name = MyUpload;
			productName = MyUpload;
			productReference = D70A1EBE1AE255B000CD8FE7 /* MyUpload.app */;
			productType = "com.apple.product-type.application";
		};
/* End PBXNativeTarget section */

/* Begin PBXProject section */
		D70A1EB61AE255B000CD8FE7 /* Project object */ = {
			isa = PBXProject;
			attributes = {
				LastSwiftUpdateCheck = 0700;
				LastUpgradeCheck = 0820;
				ORGANIZATIONNAME = nagata_kobo;
				TargetAttributes = {
					D70A1EBD1AE255B000CD8FE7 = {
						CreatedOnToolsVersion = 6.3;
						LastSwiftMigration = 0820;
					};
				};
			};
			buildConfigurationList = D70A1EB91AE255B000CD8FE7 /* Build configuration list for PBXProject "MyUpload" */;
			compatibilityVersion = "Xcode 3.2";
			developmentRegion = English;
			hasScannedForEncodings = 0;
			knownRegions = (
				en,
				Base,
			);
			mainGroup = D70A1EB51AE255B000CD8FE7;
			productRefGroup = D70A1EBF1AE255B000CD8FE7 /* Products */;
			projectDirPath = "";
			projectRoot = "";
			targets = (
				D70A1EBD1AE255B000CD8FE7 /* MyUpload */,
			);
		};
/* End PBXProject section */

/* Begin PBXResourcesBuildPhase section */
		D70A1EBC1AE255B000CD8FE7 /* Resources */ = {
			isa = PBXResourcesBuildPhase;
			buildActionMask = 2147483647;
			files = (
				D70A1EC91AE255B000CD8FE7 /* Main.storyboard in Resources */,
				D70A1ECE1AE255B000CD8FE7 /* LaunchScreen.xib in Resources */,
				D70A1ECB1AE255B000CD8FE7 /* Images.xcassets in Resources */,
			);
			runOnlyForDeploymentPostprocessing = 0;
		};
/* End PBXResourcesBuildPhase section */

/* Begin PBXSourcesBuildPhase section */
		D70A1EBA1AE255B000CD8FE7 /* Sources */ = {
			isa = PBXSourcesBuildPhase;
			buildActionMask = 2147483647;
			files = (
				D7775B231AE70381000CF4FB /* OOPFormMultipart.swift in Sources */,
				D70A1EC61AE255B000CD8FE7 /* ViewController.swift in Sources */,
				D70A1EC41AE255B000CD8FE7 /* AppDelegate.swift in Sources */,
			);
			runOnlyForDeploymentPostprocessing = 0;
		};
/* End PBXSourcesBuildPhase section */

/* Begin PBXVariantGroup section */
		D70A1EC71AE255B000CD8FE7 /* Main.storyboard */ = {
			isa = PBXVariantGroup;
			children = (
				D70A1EC81AE255B000CD8FE7 /* Base */,
			);
			name = Main.storyboard;
			sourceTree = "<group>";
		};
		D70A1ECC1AE255B000CD8FE7 /* LaunchScreen.xib */ = {
			isa = PBXVariantGroup;
			children = (
				D70A1ECD1AE255B000CD8FE7 /* Base */,
			);
			name = LaunchScreen.xib;
			sourceTree = "<group>";
		};
/* End PBXVariantGroup section */

/* Begin XCBuildConfiguration section */
		D70A1EDB1AE255B100CD8FE7 /* Debug */ = {
			isa = XCBuildConfiguration;
			buildSettings = {
				ALWAYS_SEARCH_USER_PATHS = NO;
				CLANG_CXX_LANGUAGE_STANDARD = "gnu++0x";
				CLANG_CXX_LIBRARY = "libc++";
				CLANG_ENABLE_MODULES = YES;
				CLANG_ENABLE_OBJC_ARC = YES;
				CLANG_WARN_BOOL_CONVERSION = YES;
				CLANG_WARN_CONSTANT_CONVERSION = YES;
				CLANG_WARN_DIRECT_OBJC_ISA_USAGE = YES_ERROR;
				CLANG_WARN_EMPTY_BODY = YES;
				CLANG_WARN_ENUM_CONVERSION = YES;
				CLANG_WARN_INFINITE_RECURSION = YES;
				CLANG_WARN_INT_CONVERSION = YES;
				CLANG_WARN_OBJC_ROOT_CLASS = YES_ERROR;
				CLANG_WARN_SUSPICIOUS_MOVE = YES;
				CLANG_WARN_UNREACHABLE_CODE = YES;
				CLANG_WARN__DUPLICATE_METHOD_MATCH = YES;
				"CODE_SIGN_IDENTITY[sdk=iphoneos*]" = "iPhone Developer";
				COPY_PHASE_STRIP = NO;
				DEBUG_INFORMATION_FORMAT = "dwarf-with-dsym";
				ENABLE_STRICT_OBJC_MSGSEND = YES;
				ENABLE_TESTABILITY = YES;
				GCC_C_LANGUAGE_STANDARD = gnu99;
				GCC_DYNAMIC_NO_PIC = NO;
				GCC_NO_COMMON_BLOCKS = YES;
				GCC_OPTIMIZATION_LEVEL = 0;
				GCC_PREPROCESSOR_DEFINITIONS = (
					"DEBUG=1",
					"$(inherited)",
				);
				GCC_SYMBOLS_PRIVATE_EXTERN = NO;
				GCC_WARN_64_TO_32_BIT_CONVERSION = YES;
				GCC_WARN_ABOUT_RETURN_TYPE = YES_ERROR;
				GCC_WARN_UNDECLARED_SELECTOR = YES;
				GCC_WARN_UNINITIALIZED_AUTOS = YES_AGGRESSIVE;
				GCC_WARN_UNUSED_FUNCTION = YES;
				GCC_WARN_UNUSED_VARIABLE = YES;
				IPHONEOS_DEPLOYMENT_TARGET = 8.0;
				MTL_ENABLE_DEBUG_INFO = YES;
				ONLY_ACTIVE_ARCH = YES;
				SDKROOT = iphoneos;
				SWIFT_OPTIMIZATION_LEVEL = "-Onone";
			};
			name = Debug;
		};
		D70A1EDC1AE255B100CD8FE7 /* Release */ = {
			isa = XCBuildConfiguration;
			buildSettings = {
				ALWAYS_SEARCH_USER_PATHS = NO;
				CLANG_CXX_LANGUAGE_STANDARD = "gnu++0x";
				CLANG_CXX_LIBRARY = "libc++";
				CLANG_ENABLE_MODULES = YES;
				CLANG_ENABLE_OBJC_ARC = YES;
				CLANG_WARN_BOOL_CONVERSION = YES;
				CLANG_WARN_CONSTANT_CONVERSION = YES;
				CLANG_WARN_DIRECT_OBJC_ISA_USAGE = YES_ERROR;
				CLANG_WARN_EMPTY_BODY = YES;
				CLANG_WARN_ENUM_CONVERSION = YES;
				CLANG_WARN_INFINITE_RECURSION = YES;
				CLANG_WARN_INT_CONVERSION = YES;
				CLANG_WARN_OBJC_ROOT_CLASS = YES_ERROR;
				CLANG_WARN_SUSPICIOUS_MOVE = YES;
				CLANG_WARN_UNREACHABLE_CODE = YES;
				CLANG_WARN__DUPLICATE_METHOD_MATCH = YES;
				"CODE_SIGN_IDENTITY[sdk=iphoneos*]" = "iPhone Developer";
				COPY_PHASE_STRIP = NO;
				DEBUG_INFORMATION_FORMAT = "dwarf-with-dsym";
				ENABLE_NS_ASSERTIONS = NO;
				ENABLE_STRICT_OBJC_MSGSEND = YES;
				GCC_C_LANGUAGE_STANDARD = gnu99;
				GCC_NO_COMMON_BLOCKS = YES;
				GCC_WARN_64_TO_32_BIT_CONVERSION = YES;
				GCC_WARN_ABOUT_RETURN_TYPE = YES_ERROR;
				GCC_WARN_UNDECLARED_SELECTOR = YES;
				GCC_WARN_UNINITIALIZED_AUTOS = YES_AGGRESSIVE;
				GCC_WARN_UNUSED_FUNCTION = YES;
				GCC_WARN_UNUSED_VARIABLE = YES;
				IPHONEOS_DEPLOYMENT_TARGET = 8.0;
				MTL_ENABLE_DEBUG_INFO = NO;
				SDKROOT = iphoneos;
				SWIFT_OPTIMIZATION_LEVEL = "-Owholemodule";
				VALIDATE_PRODUCT = YES;
			};
			name = Release;
		};
		D70A1EDE1AE255B100CD8FE7 /* Debug */ = {
			isa = XCBuildConfiguration;
			buildSettings = {
				ASSETCATALOG_COMPILER_APPICON_NAME = AppIcon;
				ASSETCATALOG_COMPILER_LAUNCHIMAGE_NAME = LaunchImage;
				INFOPLIST_FILE = MyUpload/Info.plist;
				LD_RUNPATH_SEARCH_PATHS = "$(inherited) @executable_path/Frameworks";
				PRODUCT_BUNDLE_IDENTIFIER = "com.oopers.$(PRODUCT_NAME:rfc1034identifier)";
				PRODUCT_NAME = "$(TARGET_NAME)";
				SWIFT_VERSION = 3.0;
			};
			name = Debug;
		};
		D70A1EDF1AE255B100CD8FE7 /* Release */ = {
			isa = XCBuildConfiguration;
			buildSettings = {
				ASSETCATALOG_COMPILER_APPICON_NAME = AppIcon;
				ASSETCATALOG_COMPILER_LAUNCHIMAGE_NAME = LaunchImage;
				INFOPLIST_FILE = MyUpload/Info.plist;
				LD_RUNPATH_SEARCH_PATHS = "$(inherited) @executable_path/Frameworks";
				PRODUCT_BUNDLE_IDENTIFIER = "com.oopers.$(PRODUCT_NAME:rfc1034identifier)";
				PRODUCT_NAME = "$(TARGET_NAME)";
				SWIFT_VERSION = 3.0;
			};
			name = Release;
		};
/* End XCBuildConfiguration section */

/* Begin XCConfigurationList section */
		D70A1EB91AE255B000CD8FE7 /* Build configuration list for PBXProject "MyUpload" */ = {
			isa = XCConfigurationList;
			buildConfigurations = (
				D70A1EDB1AE255B100CD8FE7 /* Debug */,
				D70A1EDC1AE255B100CD8FE7 /* Release */,
			);
			defaultConfigurationIsVisible = 0;
			defaultConfigurationName = Release;
		};
		D70A1EDD1AE255B100CD8FE7 /* Build configuration list for PBXNativeTarget "MyUpload" */ = {
			isa = XCConfigurationList;
			buildConfigurations = (
				D70A1EDE1AE255B100CD8FE7 /* Debug */,
				D70A1EDF1AE255B100CD8FE7 /* Release */,
			);
			defaultConfigurationIsVisible = 0;
			defaultConfigurationName = Release;
		};
/* End XCConfigurationList section */
	};
	rootObject = D70A1EB61AE255B000CD8FE7 /* Project object */;
}
